
Microsoft Visual Studio Solution File, Format Version 12.00
# Visual Studio Version 17
VisualStudioVersion = 17.5.002.0
MinimumVisualStudioVersion = 10.0.40219.1
Project("{9A19103F-16F7-4668-BE54-9A1E7A4F7556}") = "Game_Rock_Paper_Scissors", "Game_Rock_Paper_Scissors.csproj", "{7ABC0980-7916-4AC1-859A-1123A2A15442}"
EndProject
Global
	GlobalSection(SolutionConfigurationPlatforms) = preSolution
		Debug|Any CPU = Debug|Any CPU
		Release|Any CPU = Release|Any CPU
	EndGlobalSection
	GlobalSection(ProjectConfigurationPlatforms) = postSolution
		{7ABC0980-7916-4AC1-859A-1123A2A15442}.Debug|Any CPU.ActiveCfg = Debug|Any CPU
		{7ABC0980-7916-4AC1-859A-1123A2A15442}.Debug|Any CPU.Build.0 = Debug|Any CPU
		{7ABC0980-7916-4AC1-859A-1123A2A15442}.Release|Any CPU.ActiveCfg = Release|Any CPU
		{7ABC0980-7916-4AC1-859A-1123A2A15442}.Release|Any CPU.Build.0 = Release|Any CPU
	EndGlobalSection
	GlobalSection(SolutionProperties) = preSolution
		HideSolutionNode = FALSE
	EndGlobalSection
	GlobalSection(ExtensibilityGlobals) = postSolution
		SolutionGuid = {BDDAAD61-E840-4E4D-B6E7-8FE5AEB527FA}
	EndGlobalSection
EndGlobal
